
Microsoft Visual Studio Solution File, Format Version 12.00
# Visual Studio 15
VisualStudioVersion = 15.0.26124.0
MinimumVisualStudioVersion = 15.0.26124.0
Project("{FAE04EC0-301F-11D3-BF4B-00C04F79EFBC}") = "Kari.Generator", "source\Kari.Generator\Kari.Generator.csproj", "{1248AE24-87D8-43CB-9A24-AF0FDADFF999}"
EndProject
Project("{FAE04EC0-301F-11D3-BF4B-00C04F79EFBC}") = "Kari.GeneratorCore", "source\Kari.GeneratorCore\Kari.GeneratorCore.csproj", "{9FD2251F-CCD8-4127-BAD1-A31ED38AD253}"
EndProject
Project("{FAE04EC0-301F-11D3-BF4B-00C04F79EFBC}") = "Kari.Annotator", "source\Kari.Annotator\Kari.Annotator.csproj", "{1109A24C-E0D8-4B26-B853-98634CA5C2DE}"
EndProject
Project("{FAE04EC0-301F-11D3-BF4B-00C04F79EFBC}") = "Kari.Arguments", "source\Kari.Arguments\Kari.Arguments.csproj", "{B8F0BD2F-C396-467F-B1A3-CF5A357ADCB2}"
EndProject
Project("{FAE04EC0-301F-11D3-BF4B-00C04F79EFBC}") = "Kari.Utils", "source\Kari.Utils\Kari.Utils.csproj", "{6D38B33F-72C7-4DFD-B508-FECADE16A464}"
EndProject
Project("{2150E333-8FDC-42A3-9474-1A3956D46DE8}") = "Kari.Plugins", "source\Kari.Plugins", "{E2A5F3F7-D455-41F2-892A-F5626490E4B8}"
EndProject
Project("{FAE04EC0-301F-11D3-BF4B-00C04F79EFBC}") = "Terminal", "source\Kari.Plugins\Terminal\Terminal.csproj", "{722D0588-A9E8-4000-880E-B555D68CAB2D}"
EndProject
Project("{FAE04EC0-301F-11D3-BF4B-00C04F79EFBC}") = "Flags", "source\Kari.Plugins\Flags\Flags.csproj", "{BC2F7699-734B-4CA5-A8CE-DCF0C016C53E}"
EndProject
Project("{FAE04EC0-301F-11D3-BF4B-00C04F79EFBC}") = "UnityHelpers", "source\Kari.Plugins\UnityHelpers\UnityHelpers.csproj", "{CC0A9FB8-942F-4FD4-BD79-29B71A0DEFE5}"
EndProject
Project("{FAE04EC0-301F-11D3-BF4B-00C04F79EFBC}") = "DataObject", "source\Kari.Plugins\DataObject\DataObject.csproj", "{6761B5DC-F801-4A79-B9B8-9C0A878B976B}"
EndProject
Project("{2150E333-8FDC-42A3-9474-1A3956D46DE8}") = "source", "source", "{836E13B2-77DF-4245-B17F-7F9959194AFF}"
EndProject
Project("{FAE04EC0-301F-11D3-BF4B-00C04F79EFBC}") = "Kari.Plugin.Sdk", "source\Kari.Plugin.Sdk\Kari.Plugin.Sdk.csproj", "{21A1D64C-3564-456B-8554-A0FF93A3BFF0}"
EndProject
Project("{FAE04EC0-301F-11D3-BF4B-00C04F79EFBC}") = "Kari.Annotator.Tests", "source\Kari.Annotator.Tests\Kari.Annotator.Tests.csproj", "{6DA69FF2-22CF-4DC3-A37B-1ADFC0904481}"
EndProject
Project("{FAE04EC0-301F-11D3-BF4B-00C04F79EFBC}") = "Templates", "source\dotnet_new_templates\Templates.csproj", "{887922C1-B80C-408D-8BC9-060A7C09F65E}"
EndProject
Project("{FAE04EC0-301F-11D3-BF4B-00C04F79EFBC}") = "DataObject.Tests", "source\Kari.Plugins\DataObject.Tests\DataObject.Tests.csproj", "{783B501D-7AD3-4792-BAF9-CA18DEDDB2DB}"
EndProject
Global
	GlobalSection(SolutionConfigurationPlatforms) = preSolution
		Debug|Any CPU = Debug|Any CPU
		Debug|x64 = Debug|x64
		Debug|x86 = Debug|x86
		Release|Any CPU = Release|Any CPU
		Release|x64 = Release|x64
		Release|x86 = Release|x86
	EndGlobalSection
	GlobalSection(SolutionProperties) = preSolution
		HideSolutionNode = FALSE
	EndGlobalSection
	GlobalSection(ProjectConfigurationPlatforms) = postSolution
		{1248AE24-87D8-43CB-9A24-AF0FDADFF999}.Debug|Any CPU.ActiveCfg = Debug|Any CPU
		{1248AE24-87D8-43CB-9A24-AF0FDADFF999}.Debug|Any CPU.Build.0 = Debug|Any CPU
		{1248AE24-87D8-43CB-9A24-AF0FDADFF999}.Debug|x64.ActiveCfg = Debug|Any CPU
		{1248AE24-87D8-43CB-9A24-AF0FDADFF999}.Debug|x64.Build.0 = Debug|Any CPU
		{1248AE24-87D8-43CB-9A24-AF0FDADFF999}.Debug|x86.ActiveCfg = Debug|Any CPU
		{1248AE24-87D8-43CB-9A24-AF0FDADFF999}.Debug|x86.Build.0 = Debug|Any CPU
		{1248AE24-87D8-43CB-9A24-AF0FDADFF999}.Release|Any CPU.ActiveCfg = Release|Any CPU
		{1248AE24-87D8-43CB-9A24-AF0FDADFF999}.Release|Any CPU.Build.0 = Release|Any CPU
		{1248AE24-87D8-43CB-9A24-AF0FDADFF999}.Release|x64.ActiveCfg = Release|Any CPU
		{1248AE24-87D8-43CB-9A24-AF0FDADFF999}.Release|x64.Build.0 = Release|Any CPU
		{1248AE24-87D8-43CB-9A24-AF0FDADFF999}.Release|x86.ActiveCfg = Release|Any CPU
		{1248AE24-87D8-43CB-9A24-AF0FDADFF999}.Release|x86.Build.0 = Release|Any CPU
		{9FD2251F-CCD8-4127-BAD1-A31ED38AD253}.Debug|Any CPU.ActiveCfg = Debug|Any CPU
		{9FD2251F-CCD8-4127-BAD1-A31ED38AD253}.Debug|Any CPU.Build.0 = Debug|Any CPU
		{9FD2251F-CCD8-4127-BAD1-A31ED38AD253}.Debug|x64.ActiveCfg = Debug|Any CPU
		{9FD2251F-CCD8-4127-BAD1-A31ED38AD253}.Debug|x64.Build.0 = Debug|Any CPU
		{9FD2251F-CCD8-4127-BAD1-A31ED38AD253}.Debug|x86.ActiveCfg = Debug|Any CPU
		{9FD2251F-CCD8-4127-BAD1-A31ED38AD253}.Debug|x86.Build.0 = Debug|Any CPU
		{9FD2251F-CCD8-4127-BAD1-A31ED38AD253}.Release|Any CPU.ActiveCfg = Release|Any CPU
		{9FD2251F-CCD8-4127-BAD1-A31ED38AD253}.Release|Any CPU.Build.0 = Release|Any CPU
		{9FD2251F-CCD8-4127-BAD1-A31ED38AD253}.Release|x64.ActiveCfg = Release|Any CPU
		{9FD2251F-CCD8-4127-BAD1-A31ED38AD253}.Release|x64.Build.0 = Release|Any CPU
		{9FD2251F-CCD8-4127-BAD1-A31ED38AD253}.Release|x86.ActiveCfg = Release|Any CPU
		{9FD2251F-CCD8-4127-BAD1-A31ED38AD253}.Release|x86.Build.0 = Release|Any CPU
		{722D0588-A9E8-4000-880E-B555D68CAB2D}.Debug|Any CPU.ActiveCfg = Debug|Any CPU
		{722D0588-A9E8-4000-880E-B555D68CAB2D}.Debug|Any CPU.Build.0 = Debug|Any CPU
		{722D0588-A9E8-4000-880E-B555D68CAB2D}.Debug|x64.ActiveCfg = Debug|Any CPU
		{722D0588-A9E8-4000-880E-B555D68CAB2D}.Debug|x64.Build.0 = Debug|Any CPU
		{722D0588-A9E8-4000-880E-B555D68CAB2D}.Debug|x86.ActiveCfg = Debug|Any CPU
		{722D0588-A9E8-4000-880E-B555D68CAB2D}.Debug|x86.Build.0 = Debug|Any CPU
		{722D0588-A9E8-4000-880E-B555D68CAB2D}.Release|Any CPU.ActiveCfg = Release|Any CPU
		{722D0588-A9E8-4000-880E-B555D68CAB2D}.Release|Any CPU.Build.0 = Release|Any CPU
		{722D0588-A9E8-4000-880E-B555D68CAB2D}.Release|x64.ActiveCfg = Release|Any CPU
		{722D0588-A9E8-4000-880E-B555D68CAB2D}.Release|x64.Build.0 = Release|Any CPU
		{722D0588-A9E8-4000-880E-B555D68CAB2D}.Release|x86.ActiveCfg = Release|Any CPU
		{722D0588-A9E8-4000-880E-B555D68CAB2D}.Release|x86.Build.0 = Release|Any CPU
		{BC2F7699-734B-4CA5-A8CE-DCF0C016C53E}.Debug|Any CPU.ActiveCfg = Debug|Any CPU
		{BC2F7699-734B-4CA5-A8CE-DCF0C016C53E}.Debug|Any CPU.Build.0 = Debug|Any CPU
		{BC2F7699-734B-4CA5-A8CE-DCF0C016C53E}.Debug|x64.ActiveCfg = Debug|Any CPU
		{BC2F7699-734B-4CA5-A8CE-DCF0C016C53E}.Debug|x64.Build.0 = Debug|Any CPU
		{BC2F7699-734B-4CA5-A8CE-DCF0C016C53E}.Debug|x86.ActiveCfg = Debug|Any CPU
		{BC2F7699-734B-4CA5-A8CE-DCF0C016C53E}.Debug|x86.Build.0 = Debug|Any CPU
		{BC2F7699-734B-4CA5-A8CE-DCF0C016C53E}.Release|Any CPU.ActiveCfg = Release|Any CPU
		{BC2F7699-734B-4CA5-A8CE-DCF0C016C53E}.Release|Any CPU.Build.0 = Release|Any CPU
		{BC2F7699-734B-4CA5-A8CE-DCF0C016C53E}.Release|x64.ActiveCfg = Release|Any CPU
		{BC2F7699-734B-4CA5-A8CE-DCF0C016C53E}.Release|x64.Build.0 = Release|Any CPU
		{BC2F7699-734B-4CA5-A8CE-DCF0C016C53E}.Release|x86.ActiveCfg = Release|Any CPU
		{BC2F7699-734B-4CA5-A8CE-DCF0C016C53E}.Release|x86.Build.0 = Release|Any CPU
		{CC0A9FB8-942F-4FD4-BD79-29B71A0DEFE5}.Debug|Any CPU.ActiveCfg = Debug|Any CPU
		{CC0A9FB8-942F-4FD4-BD79-29B71A0DEFE5}.Debug|Any CPU.Build.0 = Debug|Any CPU
		{CC0A9FB8-942F-4FD4-BD79-29B71A0DEFE5}.Debug|x64.ActiveCfg = Debug|Any CPU
		{CC0A9FB8-942F-4FD4-BD79-29B71A0DEFE5}.Debug|x64.Build.0 = Debug|Any CPU
		{CC0A9FB8-942F-4FD4-BD79-29B71A0DEFE5}.Debug|x86.ActiveCfg = Debug|Any CPU
		{CC0A9FB8-942F-4FD4-BD79-29B71A0DEFE5}.Debug|x86.Build.0 = Debug|Any CPU
		{CC0A9FB8-942F-4FD4-BD79-29B71A0DEFE5}.Release|Any CPU.ActiveCfg = Release|Any CPU
		{CC0A9FB8-942F-4FD4-BD79-29B71A0DEFE5}.Release|Any CPU.Build.0 = Release|Any CPU
		{CC0A9FB8-942F-4FD4-BD79-29B71A0DEFE5}.Release|x64.ActiveCfg = Release|Any CPU
		{CC0A9FB8-942F-4FD4-BD79-29B71A0DEFE5}.Release|x64.Build.0 = Release|Any CPU
		{CC0A9FB8-942F-4FD4-BD79-29B71A0DEFE5}.Release|x86.ActiveCfg = Release|Any CPU
		{CC0A9FB8-942F-4FD4-BD79-29B71A0DEFE5}.Release|x86.Build.0 = Release|Any CPU
		{6761B5DC-F801-4A79-B9B8-9C0A878B976B}.Debug|Any CPU.ActiveCfg = Debug|Any CPU
		{6761B5DC-F801-4A79-B9B8-9C0A878B976B}.Debug|Any CPU.Build.0 = Debug|Any CPU
		{6761B5DC-F801-4A79-B9B8-9C0A878B976B}.Debug|x64.ActiveCfg = Debug|Any CPU
		{6761B5DC-F801-4A79-B9B8-9C0A878B976B}.Debug|x64.Build.0 = Debug|Any CPU
		{6761B5DC-F801-4A79-B9B8-9C0A878B976B}.Debug|x86.ActiveCfg = Debug|Any CPU
		{6761B5DC-F801-4A79-B9B8-9C0A878B976B}.Debug|x86.Build.0 = Debug|Any CPU
		{6761B5DC-F801-4A79-B9B8-9C0A878B976B}.Release|Any CPU.ActiveCfg = Release|Any CPU
		{6761B5DC-F801-4A79-B9B8-9C0A878B976B}.Release|Any CPU.Build.0 = Release|Any CPU
		{6761B5DC-F801-4A79-B9B8-9C0A878B976B}.Release|x64.ActiveCfg = Release|Any CPU
		{6761B5DC-F801-4A79-B9B8-9C0A878B976B}.Release|x64.Build.0 = Release|Any CPU
		{6761B5DC-F801-4A79-B9B8-9C0A878B976B}.Release|x86.ActiveCfg = Release|Any CPU
		{6761B5DC-F801-4A79-B9B8-9C0A878B976B}.Release|x86.Build.0 = Release|Any CPU
		{B8F0BD2F-C396-467F-B1A3-CF5A357ADCB2}.Debug|Any CPU.ActiveCfg = Debug|Any CPU
		{B8F0BD2F-C396-467F-B1A3-CF5A357ADCB2}.Debug|Any CPU.Build.0 = Debug|Any CPU
		{B8F0BD2F-C396-467F-B1A3-CF5A357ADCB2}.Debug|x64.ActiveCfg = Debug|Any CPU
		{B8F0BD2F-C396-467F-B1A3-CF5A357ADCB2}.Debug|x64.Build.0 = Debug|Any CPU
		{B8F0BD2F-C396-467F-B1A3-CF5A357ADCB2}.Debug|x86.ActiveCfg = Debug|Any CPU
		{B8F0BD2F-C396-467F-B1A3-CF5A357ADCB2}.Debug|x86.Build.0 = Debug|Any CPU
		{B8F0BD2F-C396-467F-B1A3-CF5A357ADCB2}.Release|Any CPU.ActiveCfg = Release|Any CPU
		{B8F0BD2F-C396-467F-B1A3-CF5A357ADCB2}.Release|Any CPU.Build.0 = Release|Any CPU
		{B8F0BD2F-C396-467F-B1A3-CF5A357ADCB2}.Release|x64.ActiveCfg = Release|Any CPU
		{B8F0BD2F-C396-467F-B1A3-CF5A357ADCB2}.Release|x64.Build.0 = Release|Any CPU
		{B8F0BD2F-C396-467F-B1A3-CF5A357ADCB2}.Release|x86.ActiveCfg = Release|Any CPU
		{B8F0BD2F-C396-467F-B1A3-CF5A357ADCB2}.Release|x86.Build.0 = Release|Any CPU
		{6D38B33F-72C7-4DFD-B508-FECADE16A464}.Debug|Any CPU.ActiveCfg = Debug|Any CPU
		{6D38B33F-72C7-4DFD-B508-FECADE16A464}.Debug|Any CPU.Build.0 = Debug|Any CPU
		{6D38B33F-72C7-4DFD-B508-FECADE16A464}.Debug|x64.ActiveCfg = Debug|Any CPU
		{6D38B33F-72C7-4DFD-B508-FECADE16A464}.Debug|x64.Build.0 = Debug|Any CPU
		{6D38B33F-72C7-4DFD-B508-FECADE16A464}.Debug|x86.ActiveCfg = Debug|Any CPU
		{6D38B33F-72C7-4DFD-B508-FECADE16A464}.Debug|x86.Build.0 = Debug|Any CPU
		{6D38B33F-72C7-4DFD-B508-FECADE16A464}.Release|Any CPU.ActiveCfg = Release|Any CPU
		{6D38B33F-72C7-4DFD-B508-FECADE16A464}.Release|Any CPU.Build.0 = Release|Any CPU
		{6D38B33F-72C7-4DFD-B508-FECADE16A464}.Release|x64.ActiveCfg = Release|Any CPU
		{6D38B33F-72C7-4DFD-B508-FECADE16A464}.Release|x64.Build.0 = Release|Any CPU
		{6D38B33F-72C7-4DFD-B508-FECADE16A464}.Release|x86.ActiveCfg = Release|Any CPU
		{6D38B33F-72C7-4DFD-B508-FECADE16A464}.Release|x86.Build.0 = Release|Any CPU
		{1109A24C-E0D8-4B26-B853-98634CA5C2DE}.Debug|Any CPU.ActiveCfg = Debug|Any CPU
		{1109A24C-E0D8-4B26-B853-98634CA5C2DE}.Debug|Any CPU.Build.0 = Debug|Any CPU
		{1109A24C-E0D8-4B26-B853-98634CA5C2DE}.Debug|x64.ActiveCfg = Debug|Any CPU
		{1109A24C-E0D8-4B26-B853-98634CA5C2DE}.Debug|x64.Build.0 = Debug|Any CPU
		{1109A24C-E0D8-4B26-B853-98634CA5C2DE}.Debug|x86.ActiveCfg = Debug|Any CPU
		{1109A24C-E0D8-4B26-B853-98634CA5C2DE}.Debug|x86.Build.0 = Debug|Any CPU
		{1109A24C-E0D8-4B26-B853-98634CA5C2DE}.Release|Any CPU.ActiveCfg = Release|Any CPU
		{1109A24C-E0D8-4B26-B853-98634CA5C2DE}.Release|Any CPU.Build.0 = Release|Any CPU
		{1109A24C-E0D8-4B26-B853-98634CA5C2DE}.Release|x64.ActiveCfg = Release|Any CPU
		{1109A24C-E0D8-4B26-B853-98634CA5C2DE}.Release|x64.Build.0 = Release|Any CPU
		{1109A24C-E0D8-4B26-B853-98634CA5C2DE}.Release|x86.ActiveCfg = Release|Any CPU
		{1109A24C-E0D8-4B26-B853-98634CA5C2DE}.Release|x86.Build.0 = Release|Any CPU
		{21A1D64C-3564-456B-8554-A0FF93A3BFF0}.Debug|Any CPU.ActiveCfg = Debug|Any CPU
		{21A1D64C-3564-456B-8554-A0FF93A3BFF0}.Debug|Any CPU.Build.0 = Debug|Any CPU
		{21A1D64C-3564-456B-8554-A0FF93A3BFF0}.Debug|x64.ActiveCfg = Debug|Any CPU
		{21A1D64C-3564-456B-8554-A0FF93A3BFF0}.Debug|x64.Build.0 = Debug|Any CPU
		{21A1D64C-3564-456B-8554-A0FF93A3BFF0}.Debug|x86.ActiveCfg = Debug|Any CPU
		{21A1D64C-3564-456B-8554-A0FF93A3BFF0}.Debug|x86.Build.0 = Debug|Any CPU
		{21A1D64C-3564-456B-8554-A0FF93A3BFF0}.Release|Any CPU.ActiveCfg = Release|Any CPU
		{21A1D64C-3564-456B-8554-A0FF93A3BFF0}.Release|Any CPU.Build.0 = Release|Any CPU
		{21A1D64C-3564-456B-8554-A0FF93A3BFF0}.Release|x64.ActiveCfg = Release|Any CPU
		{21A1D64C-3564-456B-8554-A0FF93A3BFF0}.Release|x64.Build.0 = Release|Any CPU
		{21A1D64C-3564-456B-8554-A0FF93A3BFF0}.Release|x86.ActiveCfg = Release|Any CPU
		{21A1D64C-3564-456B-8554-A0FF93A3BFF0}.Release|x86.Build.0 = Release|Any CPU
		{6DA69FF2-22CF-4DC3-A37B-1ADFC0904481}.Debug|Any CPU.ActiveCfg = Debug|Any CPU
		{6DA69FF2-22CF-4DC3-A37B-1ADFC0904481}.Debug|Any CPU.Build.0 = Debug|Any CPU
		{6DA69FF2-22CF-4DC3-A37B-1ADFC0904481}.Debug|x64.ActiveCfg = Debug|Any CPU
		{6DA69FF2-22CF-4DC3-A37B-1ADFC0904481}.Debug|x64.Build.0 = Debug|Any CPU
		{6DA69FF2-22CF-4DC3-A37B-1ADFC0904481}.Debug|x86.ActiveCfg = Debug|Any CPU
		{6DA69FF2-22CF-4DC3-A37B-1ADFC0904481}.Debug|x86.Build.0 = Debug|Any CPU
		{6DA69FF2-22CF-4DC3-A37B-1ADFC0904481}.Release|Any CPU.ActiveCfg = Release|Any CPU
		{6DA69FF2-22CF-4DC3-A37B-1ADFC0904481}.Release|Any CPU.Build.0 = Release|Any CPU
		{6DA69FF2-22CF-4DC3-A37B-1ADFC0904481}.Release|x64.ActiveCfg = Release|Any CPU
		{6DA69FF2-22CF-4DC3-A37B-1ADFC0904481}.Release|x64.Build.0 = Release|Any CPU
		{6DA69FF2-22CF-4DC3-A37B-1ADFC0904481}.Release|x86.ActiveCfg = Release|Any CPU
		{6DA69FF2-22CF-4DC3-A37B-1ADFC0904481}.Release|x86.Build.0 = Release|Any CPU
		{887922C1-B80C-408D-8BC9-060A7C09F65E}.Debug|Any CPU.ActiveCfg = Debug|Any CPU
		{887922C1-B80C-408D-8BC9-060A7C09F65E}.Debug|Any CPU.Build.0 = Debug|Any CPU
		{887922C1-B80C-408D-8BC9-060A7C09F65E}.Debug|x64.ActiveCfg = Debug|Any CPU
		{887922C1-B80C-408D-8BC9-060A7C09F65E}.Debug|x64.Build.0 = Debug|Any CPU
		{887922C1-B80C-408D-8BC9-060A7C09F65E}.Debug|x86.ActiveCfg = Debug|Any CPU
		{887922C1-B80C-408D-8BC9-060A7C09F65E}.Debug|x86.Build.0 = Debug|Any CPU
		{887922C1-B80C-408D-8BC9-060A7C09F65E}.Release|Any CPU.ActiveCfg = Release|Any CPU
		{887922C1-B80C-408D-8BC9-060A7C09F65E}.Release|Any CPU.Build.0 = Release|Any CPU
		{887922C1-B80C-408D-8BC9-060A7C09F65E}.Release|x64.ActiveCfg = Release|Any CPU
		{887922C1-B80C-408D-8BC9-060A7C09F65E}.Release|x64.Build.0 = Release|Any CPU
		{887922C1-B80C-408D-8BC9-060A7C09F65E}.Release|x86.ActiveCfg = Release|Any CPU
		{887922C1-B80C-408D-8BC9-060A7C09F65E}.Release|x86.Build.0 = Release|Any CPU
		{783B501D-7AD3-4792-BAF9-CA18DEDDB2DB}.Debug|Any CPU.ActiveCfg = Debug|Any CPU
		{783B501D-7AD3-4792-BAF9-CA18DEDDB2DB}.Debug|Any CPU.Build.0 = Debug|Any CPU
		{783B501D-7AD3-4792-BAF9-CA18DEDDB2DB}.Debug|x64.ActiveCfg = Debug|Any CPU
		{783B501D-7AD3-4792-BAF9-CA18DEDDB2DB}.Debug|x64.Build.0 = Debug|Any CPU
		{783B501D-7AD3-4792-BAF9-CA18DEDDB2DB}.Debug|x86.ActiveCfg = Debug|Any CPU
		{783B501D-7AD3-4792-BAF9-CA18DEDDB2DB}.Debug|x86.Build.0 = Debug|Any CPU
		{783B501D-7AD3-4792-BAF9-CA18DEDDB2DB}.Release|Any CPU.ActiveCfg = Release|Any CPU
		{783B501D-7AD3-4792-BAF9-CA18DEDDB2DB}.Release|Any CPU.Build.0 = Release|Any CPU
		{783B501D-7AD3-4792-BAF9-CA18DEDDB2DB}.Release|x64.ActiveCfg = Release|Any CPU
		{783B501D-7AD3-4792-BAF9-CA18DEDDB2DB}.Release|x64.Build.0 = Release|Any CPU
		{783B501D-7AD3-4792-BAF9-CA18DEDDB2DB}.Release|x86.ActiveCfg = Release|Any CPU
		{783B501D-7AD3-4792-BAF9-CA18DEDDB2DB}.Release|x86.Build.0 = Release|Any CPU
	EndGlobalSection
	GlobalSection(NestedProjects) = preSolution
		{722D0588-A9E8-4000-880E-B555D68CAB2D} = {E2A5F3F7-D455-41F2-892A-F5626490E4B8}
		{BC2F7699-734B-4CA5-A8CE-DCF0C016C53E} = {E2A5F3F7-D455-41F2-892A-F5626490E4B8}
		{CC0A9FB8-942F-4FD4-BD79-29B71A0DEFE5} = {E2A5F3F7-D455-41F2-892A-F5626490E4B8}
		{6761B5DC-F801-4A79-B9B8-9C0A878B976B} = {E2A5F3F7-D455-41F2-892A-F5626490E4B8}
		{B8F0BD2F-C396-467F-B1A3-CF5A357ADCB2} = {836E13B2-77DF-4245-B17F-7F9959194AFF}
		{6D38B33F-72C7-4DFD-B508-FECADE16A464} = {836E13B2-77DF-4245-B17F-7F9959194AFF}
		{1109A24C-E0D8-4B26-B853-98634CA5C2DE} = {836E13B2-77DF-4245-B17F-7F9959194AFF}
		{21A1D64C-3564-456B-8554-A0FF93A3BFF0} = {836E13B2-77DF-4245-B17F-7F9959194AFF}
		{6DA69FF2-22CF-4DC3-A37B-1ADFC0904481} = {836E13B2-77DF-4245-B17F-7F9959194AFF}
		{887922C1-B80C-408D-8BC9-060A7C09F65E} = {836E13B2-77DF-4245-B17F-7F9959194AFF}
		{783B501D-7AD3-4792-BAF9-CA18DEDDB2DB} = {E2A5F3F7-D455-41F2-892A-F5626490E4B8}
	EndGlobalSection
EndGlobal
