
Microsoft Visual Studio Solution File, Format Version 12.00
# Visual Studio Version 16
VisualStudioVersion = 16.0.30114.105
MinimumVisualStudioVersion = 10.0.40219.1
Project("{FAE04EC0-301F-11D3-BF4B-00C04F79EFBC}") = "MyPlugin", "MyPlugin\MyPlugin.csproj", "{B87CC8D6-EB09-4A89-A076-1BAD4C3ADDD5}"
EndProject
Project("{FAE04EC0-301F-11D3-BF4B-00C04F79EFBC}") = "MyPlugin.Tests", "MyPlugin.Tests\MyPlugin.Tests.csproj", "{C7BDDC97-C5DE-40F6-847F-E554F2DA933E}"
EndProject
Global
	GlobalSection(SolutionConfigurationPlatforms) = preSolution
		Debug|Any CPU = Debug|Any CPU
		Debug|x64 = Debug|x64
		Debug|x86 = Debug|x86
		Release|Any CPU = Release|Any CPU
		Release|x64 = Release|x64
		Release|x86 = Release|x86
	EndGlobalSection
	GlobalSection(SolutionProperties) = preSolution
		HideSolutionNode = FALSE
	EndGlobalSection
	GlobalSection(ProjectConfigurationPlatforms) = postSolution
		{B87CC8D6-EB09-4A89-A076-1BAD4C3ADDD5}.Debug|Any CPU.ActiveCfg = Debug|Any CPU
		{B87CC8D6-EB09-4A89-A076-1BAD4C3ADDD5}.Debug|Any CPU.Build.0 = Debug|Any CPU
		{B87CC8D6-EB09-4A89-A076-1BAD4C3ADDD5}.Debug|x64.ActiveCfg = Debug|Any CPU
		{B87CC8D6-EB09-4A89-A076-1BAD4C3ADDD5}.Debug|x64.Build.0 = Debug|Any CPU
		{B87CC8D6-EB09-4A89-A076-1BAD4C3ADDD5}.Debug|x86.ActiveCfg = Debug|Any CPU
		{B87CC8D6-EB09-4A89-A076-1BAD4C3ADDD5}.Debug|x86.Build.0 = Debug|Any CPU
		{B87CC8D6-EB09-4A89-A076-1BAD4C3ADDD5}.Release|Any CPU.ActiveCfg = Release|Any CPU
		{B87CC8D6-EB09-4A89-A076-1BAD4C3ADDD5}.Release|Any CPU.Build.0 = Release|Any CPU
		{B87CC8D6-EB09-4A89-A076-1BAD4C3ADDD5}.Release|x64.ActiveCfg = Release|Any CPU
		{B87CC8D6-EB09-4A89-A076-1BAD4C3ADDD5}.Release|x64.Build.0 = Release|Any CPU
		{B87CC8D6-EB09-4A89-A076-1BAD4C3ADDD5}.Release|x86.ActiveCfg = Release|Any CPU
		{B87CC8D6-EB09-4A89-A076-1BAD4C3ADDD5}.Release|x86.Build.0 = Release|Any CPU
		{C7BDDC97-C5DE-40F6-847F-E554F2DA933E}.Debug|Any CPU.ActiveCfg = Debug|Any CPU
		{C7BDDC97-C5DE-40F6-847F-E554F2DA933E}.Debug|Any CPU.Build.0 = Debug|Any CPU
		{C7BDDC97-C5DE-40F6-847F-E554F2DA933E}.Debug|x64.ActiveCfg = Debug|Any CPU
		{C7BDDC97-C5DE-40F6-847F-E554F2DA933E}.Debug|x64.Build.0 = Debug|Any CPU
		{C7BDDC97-C5DE-40F6-847F-E554F2DA933E}.Debug|x86.ActiveCfg = Debug|Any CPU
		{C7BDDC97-C5DE-40F6-847F-E554F2DA933E}.Debug|x86.Build.0 = Debug|Any CPU
		{C7BDDC97-C5DE-40F6-847F-E554F2DA933E}.Release|Any CPU.ActiveCfg = Release|Any CPU
		{C7BDDC97-C5DE-40F6-847F-E554F2DA933E}.Release|Any CPU.Build.0 = Release|Any CPU
		{C7BDDC97-C5DE-40F6-847F-E554F2DA933E}.Release|x64.ActiveCfg = Release|Any CPU
		{C7BDDC97-C5DE-40F6-847F-E554F2DA933E}.Release|x64.Build.0 = Release|Any CPU
		{C7BDDC97-C5DE-40F6-847F-E554F2DA933E}.Release|x86.ActiveCfg = Release|Any CPU
		{C7BDDC97-C5DE-40F6-847F-E554F2DA933E}.Release|x86.Build.0 = Release|Any CPU
	EndGlobalSection
EndGlobal
